{
  "requires": true,
  "lockfileVersion": 1,
  "dependencies": {
    "oauthio-web": {
      "version": "0.6.2",
      "resolved": "https://registry.npmjs.org/oauthio-web/-/oauthio-web-0.6.2.tgz",
      "integrity": "sha512-GoP50/9MQii8g2PxRtwqZx9IjyyoXEsRSL9q9Cq08vXjs2s2vBUqyfjcgc7+FSpAWN31SPmkNxRHFazAuZJCOg=="
    }
  }
}
